PODS:
  - ReachabilitySwift (3)

DEPENDENCIES:
  - ReachabilitySwift (~> 3)

SPEC REPOS:
  https://github.com/cocoapods/specs.git:
    - ReachabilitySwift

SPEC CHECKSUMS:
  ReachabilitySwift: f5b9bb30a0777fac8f09ce8b067e32faeb29bb64

PODFILE CHECKSUM: 7856e3d55a6e4b61f135e85207d031d20d79e6d8

COCOAPODS: 1.5.3
